
Microsoft Visual Studio Solution File, Format Version 12.00
# Visual Studio 15
VisualStudioVersion = 15.0.36001.139
MinimumVisualStudioVersion = 10.0.40219.1
Project("{8BC9CEB8-8B4A-11D0-8D11-00A0C91BC942}") = "WinAPI", "WinAPI\WinAPI.vcxproj", "{E217A458-2578-4432-AA30-41FD166CF73F}"
EndProject
Project("{8BC9CEB8-8B4A-11D0-8D11-00A0C91BC942}") = "DialogBox", "DialogBox\DialogBox.vcxproj", "{E80D699D-2DDE-49C4-93BF-14A0C2352E99}"
EndProject
Project("{8BC9CEB8-8B4A-11D0-8D11-00A0C91BC942}") = "ComboBox", "ComboBox\ComboBox.vcxproj", "{C7449452-1D27-4643-82AA-CC5AE317AFFD}"
EndProject
Global
	GlobalSection(SolutionConfigurationPlatforms) = preSolution
		Debug|x64 = Debug|x64
		Debug|x86 = Debug|x86
		Release|x64 = Release|x64
		Release|x86 = Release|x86
	EndGlobalSection
	GlobalSection(ProjectConfigurationPlatforms) = postSolution
		{E217A458-2578-4432-AA30-41FD166CF73F}.Debug|x64.ActiveCfg = Debug|x64
		{E217A458-2578-4432-AA30-41FD166CF73F}.Debug|x64.Build.0 = Debug|x64
		{E217A458-2578-4432-AA30-41FD166CF73F}.Debug|x86.ActiveCfg = Debug|Win32
		{E217A458-2578-4432-AA30-41FD166CF73F}.Debug|x86.Build.0 = Debug|Win32
		{E217A458-2578-4432-AA30-41FD166CF73F}.Release|x64.ActiveCfg = Release|x64
		{E217A458-2578-4432-AA30-41FD166CF73F}.Release|x64.Build.0 = Release|x64
		{E217A458-2578-4432-AA30-41FD166CF73F}.Release|x86.ActiveCfg = Release|Win32
		{E217A458-2578-4432-AA30-41FD166CF73F}.Release|x86.Build.0 = Release|Win32
		{E80D699D-2DDE-49C4-93BF-14A0C2352E99}.Debug|x64.ActiveCfg = Debug|x64
		{E80D699D-2DDE-49C4-93BF-14A0C2352E99}.Debug|x64.Build.0 = Debug|x64
		{E80D699D-2DDE-49C4-93BF-14A0C2352E99}.Debug|x86.ActiveCfg = Debug|Win32
		{E80D699D-2DDE-49C4-93BF-14A0C2352E99}.Debug|x86.Build.0 = Debug|Win32
		{E80D699D-2DDE-49C4-93BF-14A0C2352E99}.Release|x64.ActiveCfg = Release|x64
		{E80D699D-2DDE-49C4-93BF-14A0C2352E99}.Release|x64.Build.0 = Release|x64
		{E80D699D-2DDE-49C4-93BF-14A0C2352E99}.Release|x86.ActiveCfg = Release|Win32
		{E80D699D-2DDE-49C4-93BF-14A0C2352E99}.Release|x86.Build.0 = Release|Win32
		{C7449452-1D27-4643-82AA-CC5AE317AFFD}.Debug|x64.ActiveCfg = Debug|x64
		{C7449452-1D27-4643-82AA-CC5AE317AFFD}.Debug|x64.Build.0 = Debug|x64
		{C7449452-1D27-4643-82AA-CC5AE317AFFD}.Debug|x86.ActiveCfg = Debug|Win32
		{C7449452-1D27-4643-82AA-CC5AE317AFFD}.Debug|x86.Build.0 = Debug|Win32
		{C7449452-1D27-4643-82AA-CC5AE317AFFD}.Release|x64.ActiveCfg = Release|x64
		{C7449452-1D27-4643-82AA-CC5AE317AFFD}.Release|x64.Build.0 = Release|x64
		{C7449452-1D27-4643-82AA-CC5AE317AFFD}.Release|x86.ActiveCfg = Release|Win32
		{C7449452-1D27-4643-82AA-CC5AE317AFFD}.Release|x86.Build.0 = Release|Win32
	EndGlobalSection
	GlobalSection(SolutionProperties) = preSolution
		HideSolutionNode = FALSE
	EndGlobalSection
	GlobalSection(ExtensibilityGlobals) = postSolution
		SolutionGuid = {B1526027-6F0D-4CFB-926A-30ACE5D6EEC6}
	EndGlobalSection
EndGlobal
